
Microsoft Visual Studio Solution File, Format Version 10.00
# Visual C++ Express 2008
Project("{8BC9CEB8-8B4A-11D0-8D11-00A0C91BC942}") = "lib_mysqludf_ta", "lib_mysqludf_ta.vcproj", "{9B7B5E77-53EB-4EAC-AFDF-A7AE46FC04B1}"
EndProject
Global
	GlobalSection(SolutionConfigurationPlatforms) = preSolution
		Debug|Win32 = Debug|Win32
		Release|Win32 = Release|Win32
	EndGlobalSection
	GlobalSection(ProjectConfigurationPlatforms) = postSolution
		{9B7B5E77-53EB-4EAC-AFDF-A7AE46FC04B1}.Debug|Win32.ActiveCfg = Debug|Win32
		{9B7B5E77-53EB-4EAC-AFDF-A7AE46FC04B1}.Debug|Win32.Build.0 = Debug|Win32
		{9B7B5E77-53EB-4EAC-AFDF-A7AE46FC04B1}.Release|Win32.ActiveCfg = Release|Win32
		{9B7B5E77-53EB-4EAC-AFDF-A7AE46FC04B1}.Release|Win32.Build.0 = Release|Win32
	EndGlobalSection
	GlobalSection(SolutionProperties) = preSolution
		HideSolutionNode = FALSE
	EndGlobalSection
EndGlobal
